PODS:
  - Alamofire (4.5.1)
  - Kingfisher (3.10.4)
  - SwiftyJSON (3.1.4)

DEPENDENCIES:
  - Alamofire (~> 4.5)
  - Kingfisher (~> 3.10.4)
  - SwiftyJSON (~> 3.1.4)

SPEC CHECKSUMS:
  Alamofire: 2d95912bf4c34f164fdfc335872e8c312acaea4a
  Kingfisher: dc3a4983e86d2dfa89513664983a82340c11a289
  SwiftyJSON: c2842d878f95482ffceec5709abc3d05680c0220

PODFILE CHECKSUM: d4df69ca58e4a2f63309f52a8202e4983ad76800

COCOAPODS: 1.2.1
